
Microsoft Visual Studio Solution File, Format Version 12.00
# Visual Studio Version 17
VisualStudioVersion = 17.4.33110.190
MinimumVisualStudioVersion = 10.0.40219.1
Project("{FAE04EC0-301F-11D3-BF4B-00C04F79EFBC}") = "Queues_122", "Queues_122\Queues_122.csproj", "{5D61402F-37ED-44D7-B0E5-1EB10A766F6F}"
EndProject
Global
	GlobalSection(SolutionConfigurationPlatforms) = preSolution
		Debug|Any CPU = Debug|Any CPU
		Release|Any CPU = Release|Any CPU
	EndGlobalSection
	GlobalSection(ProjectConfigurationPlatforms) = postSolution
		{5D61402F-37ED-44D7-B0E5-1EB10A766F6F}.Debug|Any CPU.ActiveCfg = Debug|Any CPU
		{5D61402F-37ED-44D7-B0E5-1EB10A766F6F}.Debug|Any CPU.Build.0 = Debug|Any CPU
		{5D61402F-37ED-44D7-B0E5-1EB10A766F6F}.Release|Any CPU.ActiveCfg = Release|Any CPU
		{5D61402F-37ED-44D7-B0E5-1EB10A766F6F}.Release|Any CPU.Build.0 = Release|Any CPU
	EndGlobalSection
	GlobalSection(SolutionProperties) = preSolution
		HideSolutionNode = FALSE
	EndGlobalSection
	GlobalSection(ExtensibilityGlobals) = postSolution
		SolutionGuid = {03F4DECC-553C-4B4E-98ED-C6DAD1661C44}
	EndGlobalSection
EndGlobal
